
Microsoft Visual Studio Solution File, Format Version 12.00
# Visual Studio 2015
Project("{FAE04EC0-301F-11D3-BF4B-00C04F79EFBC}") = "HexMesh.CSharp", "HexMesh.CSharp.csproj", "{C31D37EB-0791-B21A-C7BE-6D1F9EB17339}"
EndProject
Global
	GlobalSection(SolutionConfigurationPlatforms) = preSolution
		Debug|Any CPU = Debug|Any CPU
		Release|Any CPU = Release|Any CPU
	EndGlobalSection
	GlobalSection(ProjectConfigurationPlatforms) = postSolution
		{C31D37EB-0791-B21A-C7BE-6D1F9EB17339}.Debug|Any CPU.ActiveCfg = Debug|Any CPU
		{C31D37EB-0791-B21A-C7BE-6D1F9EB17339}.Debug|Any CPU.Build.0 = Debug|Any CPU
		{C31D37EB-0791-B21A-C7BE-6D1F9EB17339}.Release|Any CPU.ActiveCfg = Release|Any CPU
		{C31D37EB-0791-B21A-C7BE-6D1F9EB17339}.Release|Any CPU.Build.0 = Release|Any CPU
	EndGlobalSection
	GlobalSection(SolutionProperties) = preSolution
		HideSolutionNode = FALSE
	EndGlobalSection
EndGlobal
